
Microsoft Visual Studio Solution File, Format Version 12.00
# Visual Studio Version 17
VisualStudioVersion = 17.8.34302.71
MinimumVisualStudioVersion = 10.0.40219.1
Project("{9A19103F-16F7-4668-BE54-9A1E7A4F7556}") = "BirthdayCollector", "BirthdayCollector\BirthdayCollector.csproj", "{D20EE663-8C10-49B5-A3FB-AC361802FAF2}"
EndProject
Project("{9A19103F-16F7-4668-BE54-9A1E7A4F7556}") = "SharedModels", "SharedModels\SharedModels.csproj", "{51251EA5-C942-45F6-832D-28E1B7F227FB}"
EndProject
Project("{9A19103F-16F7-4668-BE54-9A1E7A4F7556}") = "YearInHistory", "YearInHistory\YearInHistory.csproj", "{1AE0D6D2-42C3-4E6A-BE8D-CE627ACF1740}"
EndProject
Project("{9A19103F-16F7-4668-BE54-9A1E7A4F7556}") = "Monitoring", "Monitoring\Monitoring.csproj", "{1064463E-1A90-4353-8385-5D93BAEE8D22}"
EndProject
Project("{9A19103F-16F7-4668-BE54-9A1E7A4F7556}") = "UI", "UI\UI.csproj", "{268BCD8A-3399-47ED-9020-EFC331C5200A}"
EndProject
Global
	GlobalSection(SolutionConfigurationPlatforms) = preSolution
		Debug|Any CPU = Debug|Any CPU
		Release|Any CPU = Release|Any CPU
	EndGlobalSection
	GlobalSection(ProjectConfigurationPlatforms) = postSolution
		{D20EE663-8C10-49B5-A3FB-AC361802FAF2}.Debug|Any CPU.ActiveCfg = Debug|Any CPU
		{D20EE663-8C10-49B5-A3FB-AC361802FAF2}.Debug|Any CPU.Build.0 = Debug|Any CPU
		{D20EE663-8C10-49B5-A3FB-AC361802FAF2}.Release|Any CPU.ActiveCfg = Release|Any CPU
		{D20EE663-8C10-49B5-A3FB-AC361802FAF2}.Release|Any CPU.Build.0 = Release|Any CPU
		{51251EA5-C942-45F6-832D-28E1B7F227FB}.Debug|Any CPU.ActiveCfg = Debug|Any CPU
		{51251EA5-C942-45F6-832D-28E1B7F227FB}.Debug|Any CPU.Build.0 = Debug|Any CPU
		{51251EA5-C942-45F6-832D-28E1B7F227FB}.Release|Any CPU.ActiveCfg = Release|Any CPU
		{51251EA5-C942-45F6-832D-28E1B7F227FB}.Release|Any CPU.Build.0 = Release|Any CPU
		{1AE0D6D2-42C3-4E6A-BE8D-CE627ACF1740}.Debug|Any CPU.ActiveCfg = Debug|Any CPU
		{1AE0D6D2-42C3-4E6A-BE8D-CE627ACF1740}.Debug|Any CPU.Build.0 = Debug|Any CPU
		{1AE0D6D2-42C3-4E6A-BE8D-CE627ACF1740}.Release|Any CPU.ActiveCfg = Release|Any CPU
		{1AE0D6D2-42C3-4E6A-BE8D-CE627ACF1740}.Release|Any CPU.Build.0 = Release|Any CPU
		{1064463E-1A90-4353-8385-5D93BAEE8D22}.Debug|Any CPU.ActiveCfg = Debug|Any CPU
		{1064463E-1A90-4353-8385-5D93BAEE8D22}.Debug|Any CPU.Build.0 = Debug|Any CPU
		{1064463E-1A90-4353-8385-5D93BAEE8D22}.Release|Any CPU.ActiveCfg = Release|Any CPU
		{1064463E-1A90-4353-8385-5D93BAEE8D22}.Release|Any CPU.Build.0 = Release|Any CPU
		{268BCD8A-3399-47ED-9020-EFC331C5200A}.Debug|Any CPU.ActiveCfg = Debug|Any CPU
		{268BCD8A-3399-47ED-9020-EFC331C5200A}.Debug|Any CPU.Build.0 = Debug|Any CPU
		{268BCD8A-3399-47ED-9020-EFC331C5200A}.Release|Any CPU.ActiveCfg = Release|Any CPU
		{268BCD8A-3399-47ED-9020-EFC331C5200A}.Release|Any CPU.Build.0 = Release|Any CPU
	EndGlobalSection
	GlobalSection(SolutionProperties) = preSolution
		HideSolutionNode = FALSE
	EndGlobalSection
	GlobalSection(ExtensibilityGlobals) = postSolution
		SolutionGuid = {943379D9-767A-470B-A34E-E4197A4A0F05}
	EndGlobalSection
EndGlobal
